
Microsoft Visual Studio Solution File, Format Version 12.00
# Visual Studio 14
VisualStudioVersion = 14.0.25420.1
MinimumVisualStudioVersion = 10.0.40219.1
Project("{FAE04EC0-301F-11D3-BF4B-00C04F79EFBC}") = "MusicXMLParser", "MusicXMLParser\MusicXMLParser.csproj", "{6C1F2C25-1218-4A16-98B4-F398C9D22A9B}"
EndProject
Global
	GlobalSection(SolutionConfigurationPlatforms) = preSolution
		Debug|Any CPU = Debug|Any CPU
		Release|Any CPU = Release|Any CPU
	EndGlobalSection
	GlobalSection(ProjectConfigurationPlatforms) = postSolution
		{6C1F2C25-1218-4A16-98B4-F398C9D22A9B}.Debug|Any CPU.ActiveCfg = Debug|Any CPU
		{6C1F2C25-1218-4A16-98B4-F398C9D22A9B}.Debug|Any CPU.Build.0 = Debug|Any CPU
		{6C1F2C25-1218-4A16-98B4-F398C9D22A9B}.Release|Any CPU.ActiveCfg = Release|Any CPU
		{6C1F2C25-1218-4A16-98B4-F398C9D22A9B}.Release|Any CPU.Build.0 = Release|Any CPU
	EndGlobalSection
	GlobalSection(SolutionProperties) = preSolution
		HideSolutionNode = FALSE
	EndGlobalSection
EndGlobal
